// !$*UTF8*$!
{
	archiveVersion = 1;
	classes = {
	};
	objectVersion = 46;
	objects = {

/* Begin PBXBuildFile section */
		6B26D1D61CC628F10099ABFF /* AppDelegate.swift in Sources */ = {isa = PBXBuildFile; fileRef = 6B26D1D51CC628F10099ABFF /* AppDelegate.swift */; };
		6B26D1D81CC628F10099ABFF /* ViewController.swift in Sources */ = {isa = PBXBuildFile; fileRef = 6B26D1D71CC628F10099ABFF /* ViewController.swift */; };
		6B26D1DB1CC628F10099ABFF /* Main.storyboard in Resources */ = {isa = PBXBuildFile; fileRef = 6B26D1D91CC628F10099ABFF /* Main.storyboard */; };
		6B26D1DD1CC628F10099ABFF /* Assets.xcassets in Resources */ = {isa = PBXBuildFile; fileRef = 6B26D1DC1CC628F10099ABFF /* Assets.xcassets */; };
		6B26D1E01CC628F10099ABFF /* LaunchScreen.storyboard in Resources */ = {isa = PBXBuildFile; fileRef = 6B26D1DE1CC628F10099ABFF /* LaunchScreen.storyboard */; };
/* End PBXBuildFile section */

/* Begin PBXFileReference section */
		6B26D1D21CC628F10099ABFF /* swift-UIWebView.app */ = {isa = PBXFileReference; explicitFileType = wrapper.application; includeInIndex = 0; path = "swift-UIWebView.app"; sourceTree = BUILT_PRODUCTS_DIR; };
		6B26D1D51CC628F10099ABFF /* AppDelegate.swift */ = {isa = PBXFileReference; lastKnownFileType = sourcecode.swift; path = AppDelegate.swift; sourceTree = "<group>"; };
		6B26D1D71CC628F10099ABFF /* ViewController.swift */ = {isa = PBXFileReference; lastKnownFileType = sourcecode.swift; path = ViewController.swift; sourceTree = "<group>"; };
		6B26D1DA1CC628F10099ABFF /* Base */ = {isa = PBXFileReference; lastKnownFileType = file.storyboard; name = Base; path = Base.lproj/Main.storyboard; sourceTree = "<group>"; };
		6B26D1DC1CC628F10099ABFF /* Assets.xcassets */ = {isa = PBXFileReference; lastKnownFileType = folder.assetcatalog; path = Assets.xcassets; sourceTree = "<group>"; };
		6B26D1DF1CC628F10099ABFF /* Base */ = {isa = PBXFileReference; lastKnownFileType = file.storyboard; name = Base; path = Base.lproj/LaunchScreen.storyboard; sourceTree = "<group>"; };
		6B26D1E11CC628F10099ABFF /* Info.plist */ = {isa = PBXFileReference; lastKnownFileType = text.plist.xml; path = Info.plist; sourceTree = "<group>"; };
/* End PBXFileReference section */

/* Begin PBXFrameworksBuildPhase section */
		6B26D1CF1CC628F10099ABFF /* Frameworks */ = {
			isa = PBXFrameworksBuildPhase;
			buildActionMask = 2147483647;
			files = (
			);
			runOnlyForDeploymentPostprocessing = 0;
		};
/* End PBXFrameworksBuildPhase section */

/* Begin PBXGroup section */
		6B26D1C91CC628F10099ABFF = {
			isa = PBXGroup;
			children = (
				6B26D1D41CC628F10099ABFF /* swift-UIWebView */,
				6B26D1D31CC628F10099ABFF /* Products */,
			);
			sourceTree = "<group>";
		};
		6B26D1D31CC628F10099ABFF /* Products */ = {
			isa = PBXGroup;
			children = (
				6B26D1D21CC628F10099ABFF /* swift-UIWebView.app */,
			);
			name = Products;
			sourceTree = "<group>";
		};
		6B26D1D41CC628F10099ABFF /* swift-UIWebView */ = {
			isa = PBXGroup;
			children = (
				6B26D1D51CC628F10099ABFF /* AppDelegate.swift */,
				6B26D1D71CC628F10099ABFF /* ViewController.swift */,
				6B26D1D91CC628F10099ABFF /* Main.storyboard */,
				6B26D1DC1CC628F10099ABFF /* Assets.xcassets */,
				6B26D1DE1CC628F10099ABFF /* LaunchScreen.storyboard */,
				6B26D1E11CC628F10099ABFF /* Info.plist */,
			);
			path = "swift-UIWebView";
			sourceTree = "<group>";
		};
/* End PBXGroup section */

/* Begin PBXNativeTarget section */
		6B26D1D11CC628F10099ABFF /* swift-UIWebView */ = {
			isa = PBXNativeTarget;
			buildConfigurationList = 6B26D1E41CC628F10099ABFF /* Build configuration list for PBXNativeTarget "swift-UIWebView" */;
			buildPhases = (
				6B26D1CE1CC628F10099ABFF /* Sources */,
				6B26D1CF1CC628F10099ABFF /* Frameworks */,
				6B26D1D01CC628F10099ABFF /* Resources */,
			);
			buildRules = (
			);
			dependencies = (
			);
			name = "swift-UIWebView";
			productName = "swift-UIWebView";
			productReference = 6B26D1D21CC628F10099ABFF /* swift-UIWebView.app */;
			productType = "com.apple.product-type.application";
		};
/* End PBXNativeTarget section */

/* Begin PBXProject section */
		6B26D1CA1CC628F10099ABFF /* Project object */ = {
			isa = PBXProject;
			attributes = {
				LastSwiftUpdateCheck = 0720;
				LastUpgradeCheck = 0720;
				ORGANIZATIONNAME = huanghy;
				TargetAttributes = {
					6B26D1D11CC628F10099ABFF = {
						CreatedOnToolsVersion = 7.2;
					};
				};
			};
			buildConfigurationList = 6B26D1CD1CC628F10099ABFF /* Build configuration list for PBXProject "swift-UIWebView" */;
			compatibilityVersion = "Xcode 3.2";
			developmentRegion = English;
			hasScannedForEncodings = 0;
			knownRegions = (
				en,
				Base,
			);
			mainGroup = 6B26D1C91CC628F10099ABFF;
			productRefGroup = 6B26D1D31CC628F10099ABFF /* Products */;
			projectDirPath = "";
			projectRoot = "";
			targets = (
				6B26D1D11CC628F10099ABFF /* swift-UIWebView */,
			);
		};
/* End PBXProject section */

/* Begin PBXResourcesBuildPhase section */
		6B26D1D01CC628F10099ABFF /* Resources */ = {
			isa = PBXResourcesBuildPhase;
			buildActionMask = 2147483647;
			files = (
				6B26D1E01CC628F10099ABFF /* LaunchScreen.storyboard in Resources */,
				6B26D1DD1CC628F10099ABFF /* Assets.xcassets in Resources */,
				6B26D1DB1CC628F10099ABFF /* Main.storyboard in Resources */,
			);
			runOnlyForDeploymentPostprocessing = 0;
		};
/* End PBXResourcesBuildPhase section */

/* Begin PBXSourcesBuildPhase section */
		6B26D1CE1CC628F10099ABFF /* Sources */ = {
			isa = PBXSourcesBuildPhase;
			buildActionMask = 2147483647;
			files = (
				6B26D1D81CC628F10099ABFF /* ViewController.swift in Sources */,
				6B26D1D61CC628F10099ABFF /* AppDelegate.swift in Sources */,
			);
			runOnlyForDeploymentPostprocessing = 0;
		};
/* End PBXSourcesBuildPhase section */

/* Begin PBXVariantGroup section */
		6B26D1D91CC628F10099ABFF /* Main.storyboard */ = {
			isa = PBXVariantGroup;
			children = (
				6B26D1DA1CC628F10099ABFF /* Base */,
			);
			name = Main.storyboard;
			sourceTree = "<group>";
		};
		6B26D1DE1CC628F10099ABFF /* LaunchScreen.storyboard */ = {
			isa = PBXVariantGroup;
			children = (
				6B26D1DF1CC628F10099ABFF /* Base */,
			);
			name = LaunchScreen.storyboard;
			sourceTree = "<group>";
		};
/* End PBXVariantGroup section */

/* Begin XCBuildConfiguration section */
		6B26D1E21CC628F10099ABFF /* Debug */ = {
			isa = XCBuildConfiguration;
			buildSettings = {
				ALWAYS_SEARCH_USER_PATHS = NO;
				CLANG_CXX_LANGUAGE_STANDARD = "gnu++0x";
				CLANG_CXX_LIBRARY = "libc++";
				CLANG_ENABLE_MODULES = YES;
				CLANG_ENABLE_OBJC_ARC = YES;
				CLANG_WARN_BOOL_CONVERSION = YES;
				CLANG_WARN_CONSTANT_CONVERSION = YES;
				CLANG_WARN_DIRECT_OBJC_ISA_USAGE = YES_ERROR;
				CLANG_WARN_EMPTY_BODY = YES;
				CLANG_WARN_ENUM_CONVERSION = YES;
				CLANG_WARN_INT_CONVERSION = YES;
				CLANG_WARN_OBJC_ROOT_CLASS = YES_ERROR;
				CLANG_WARN_UNREACHABLE_CODE = YES;
				CLANG_WARN__DUPLICATE_METHOD_MATCH = YES;
				"CODE_SIGN_IDENTITY[sdk=iphoneos*]" = "iPhone Developer";
				COPY_PHASE_STRIP = NO;
				DEBUG_INFORMATION_FORMAT = dwarf;
				ENABLE_STRICT_OBJC_MSGSEND = YES;
				ENABLE_TESTABILITY = YES;
				GCC_C_LANGUAGE_STANDARD = gnu99;
				GCC_DYNAMIC_NO_PIC = NO;
				GCC_NO_COMMON_BLOCKS = YES;
				GCC_OPTIMIZATION_LEVEL = 0;
				GCC_PREPROCESSOR_DEFINITIONS = (
					"DEBUG=1",
					"$(inherited)",
				);
				GCC_WARN_64_TO_32_BIT_CONVERSION = YES;
				GCC_WARN_ABOUT_RETURN_TYPE = YES_ERROR;
				GCC_WARN_UNDECLARED_SELECTOR = YES;
				GCC_WARN_UNINITIALIZED_AUTOS = YES_AGGRESSIVE;
				GCC_WARN_UNUSED_FUNCTION = YES;
				GCC_WARN_UNUSED_VARIABLE = YES;
				IPHONEOS_DEPLOYMENT_TARGET = 9.2;
				MTL_ENABLE_DEBUG_INFO = YES;
				ONLY_ACTIVE_ARCH = YES;
				SDKROOT = iphoneos;
				SWIFT_OPTIMIZATION_LEVEL = "-Onone";
			};
			name = Debug;
		};
		6B26D1E31CC628F10099ABFF /* Release */ = {
			isa = XCBuildConfiguration;
			buildSettings = {
				ALWAYS_SEARCH_USER_PATHS = NO;
				CLANG_CXX_LANGUAGE_STANDARD = "gnu++0x";
				CLANG_CXX_LIBRARY = "libc++";
				CLANG_ENABLE_MODULES = YES;
				CLANG_ENABLE_OBJC_ARC = YES;
				CLANG_WARN_BOOL_CONVERSION = YES;
				CLANG_WARN_CONSTANT_CONVERSION = YES;
				CLANG_WARN_DIRECT_OBJC_ISA_USAGE = YES_ERROR;
				CLANG_WARN_EMPTY_BODY = YES;
				CLANG_WARN_ENUM_CONVERSION = YES;
				CLANG_WARN_INT_CONVERSION = YES;
				CLANG_WARN_OBJC_ROOT_CLASS = YES_ERROR;
				CLANG_WARN_UNREACHABLE_CODE = YES;
				CLANG_WARN__DUPLICATE_METHOD_MATCH = YES;
				"CODE_SIGN_IDENTITY[sdk=iphoneos*]" = "iPhone Developer";
				COPY_PHASE_STRIP = NO;
				DEBUG_INFORMATION_FORMAT = "dwarf-with-dsym";
				ENABLE_NS_ASSERTIONS = NO;
				ENABLE_STRICT_OBJC_MSGSEND = YES;
				GCC_C_LANGUAGE_STANDARD = gnu99;
				GCC_NO_COMMON_BLOCKS = YES;
				GCC_WARN_64_TO_32_BIT_CONVERSION = YES;
				GCC_WARN_ABOUT_RETURN_TYPE = YES_ERROR;
				GCC_WARN_UNDECLARED_SELECTOR = YES;
				GCC_WARN_UNINITIALIZED_AUTOS = YES_AGGRESSIVE;
				GCC_WARN_UNUSED_FUNCTION = YES;
				GCC_WARN_UNUSED_VARIABLE = YES;
				IPHONEOS_DEPLOYMENT_TARGET = 9.2;
				MTL_ENABLE_DEBUG_INFO = NO;
				SDKROOT = iphoneos;
				VALIDATE_PRODUCT = YES;
			};
			name = Release;
		};
		6B26D1E51CC628F10099ABFF /* Debug */ = {
			isa = XCBuildConfiguration;
			buildSettings = {
				ASSETCATALOG_COMPILER_APPICON_NAME = AppIcon;
				INFOPLIST_FILE = "swift-UIWebView/Info.plist";
				LD_RUNPATH_SEARCH_PATHS = "$(inherited) @executable_path/Frameworks";
				PRODUCT_BUNDLE_IDENTIFIER = "com.wemem.swift-UIWebView";
				PRODUCT_NAME = "$(TARGET_NAME)";
			};
			name = Debug;
		};
		6B26D1E61CC628F10099ABFF /* Release */ = {
			isa = XCBuildConfiguration;
			buildSettings = {
				ASSETCATALOG_COMPILER_APPICON_NAME = AppIcon;
				INFOPLIST_FILE = "swift-UIWebView/Info.plist";
				LD_RUNPATH_SEARCH_PATHS = "$(inherited) @executable_path/Frameworks";
				PRODUCT_BUNDLE_IDENTIFIER = "com.wemem.swift-UIWebView";
				PRODUCT_NAME = "$(TARGET_NAME)";
			};
			name = Release;
		};
/* End XCBuildConfiguration section */

/* Begin XCConfigurationList section */
		6B26D1CD1CC628F10099ABFF /* Build configuration list for PBXProject "swift-UIWebView" */ = {
			isa = XCConfigurationList;
			buildConfigurations = (
				6B26D1E21CC628F10099ABFF /* Debug */,
				6B26D1E31CC628F10099ABFF /* Release */,
			);
			defaultConfigurationIsVisible = 0;
			defaultConfigurationName = Release;
		};
		6B26D1E41CC628F10099ABFF /* Build configuration list for PBXNativeTarget "swift-UIWebView" */ = {
			isa = XCConfigurationList;
			buildConfigurations = (
				6B26D1E51CC628F10099ABFF /* Debug */,
				6B26D1E61CC628F10099ABFF /* Release */,
			);
			defaultConfigurationIsVisible = 0;
		};
/* End XCConfigurationList section */
	};
	rootObject = 6B26D1CA1CC628F10099ABFF /* Project object */;
}
